
Microsoft Visual Studio Solution File, Format Version 12.00
# Visual Studio Version 17
VisualStudioVersion = 17.4.33205.214
MinimumVisualStudioVersion = 10.0.40219.1
Project("{FAE04EC0-301F-11D3-BF4B-00C04F79EFBC}") = "DataAccess", "DataAccess\DataAccess.csproj", "{338397CE-976D-496F-9B56-DB64757609CC}"
EndProject
Project("{FAE04EC0-301F-11D3-BF4B-00C04F79EFBC}") = "BusinessObject", "BusinessObject\BusinessObject.csproj", "{BA31B8FF-3DC9-4C85-B384-33594B3705EC}"
EndProject
Project("{FAE04EC0-301F-11D3-BF4B-00C04F79EFBC}") = "SalesWPFApp", "SalesWPFApp\SalesWPFApp.csproj", "{AF2236D9-2BC4-4783-8994-D3CA5CD3247D}"
EndProject
Global
	GlobalSection(SolutionConfigurationPlatforms) = preSolution
		Debug|Any CPU = Debug|Any CPU
		Release|Any CPU = Release|Any CPU
	EndGlobalSection
	GlobalSection(ProjectConfigurationPlatforms) = postSolution
		{338397CE-976D-496F-9B56-DB64757609CC}.Debug|Any CPU.ActiveCfg = Debug|Any CPU
		{338397CE-976D-496F-9B56-DB64757609CC}.Debug|Any CPU.Build.0 = Debug|Any CPU
		{338397CE-976D-496F-9B56-DB64757609CC}.Release|Any CPU.ActiveCfg = Release|Any CPU
		{338397CE-976D-496F-9B56-DB64757609CC}.Release|Any CPU.Build.0 = Release|Any CPU
		{BA31B8FF-3DC9-4C85-B384-33594B3705EC}.Debug|Any CPU.ActiveCfg = Debug|Any CPU
		{BA31B8FF-3DC9-4C85-B384-33594B3705EC}.Debug|Any CPU.Build.0 = Debug|Any CPU
		{BA31B8FF-3DC9-4C85-B384-33594B3705EC}.Release|Any CPU.ActiveCfg = Release|Any CPU
		{BA31B8FF-3DC9-4C85-B384-33594B3705EC}.Release|Any CPU.Build.0 = Release|Any CPU
		{AF2236D9-2BC4-4783-8994-D3CA5CD3247D}.Debug|Any CPU.ActiveCfg = Debug|Any CPU
		{AF2236D9-2BC4-4783-8994-D3CA5CD3247D}.Debug|Any CPU.Build.0 = Debug|Any CPU
		{AF2236D9-2BC4-4783-8994-D3CA5CD3247D}.Release|Any CPU.ActiveCfg = Release|Any CPU
		{AF2236D9-2BC4-4783-8994-D3CA5CD3247D}.Release|Any CPU.Build.0 = Release|Any CPU
	EndGlobalSection
	GlobalSection(SolutionProperties) = preSolution
		HideSolutionNode = FALSE
	EndGlobalSection
	GlobalSection(ExtensibilityGlobals) = postSolution
		SolutionGuid = {215EE636-736C-4D75-A666-7EC9D9C6E7DD}
	EndGlobalSection
EndGlobal
